
Microsoft Visual Studio Solution File, Format Version 12.00
# Visual Studio Version 16
VisualStudioVersion = 16.0.33027.164
MinimumVisualStudioVersion = 10.0.40219.1
Project("{FAE04EC0-301F-11D3-BF4B-00C04F79EFBC}") = "TODOProject", "TODOProject.csproj", "{9CF4828B-F90F-4482-84B1-D9A2BE94959A}"
EndProject
Global
	GlobalSection(SolutionConfigurationPlatforms) = preSolution
		Debug|Any CPU = Debug|Any CPU
		Release|Any CPU = Release|Any CPU
	EndGlobalSection
	GlobalSection(ProjectConfigurationPlatforms) = postSolution
		{9CF4828B-F90F-4482-84B1-D9A2BE94959A}.Debug|Any CPU.ActiveCfg = Debug|Any CPU
		{9CF4828B-F90F-4482-84B1-D9A2BE94959A}.Debug|Any CPU.Build.0 = Debug|Any CPU
		{9CF4828B-F90F-4482-84B1-D9A2BE94959A}.Release|Any CPU.ActiveCfg = Release|Any CPU
		{9CF4828B-F90F-4482-84B1-D9A2BE94959A}.Release|Any CPU.Build.0 = Release|Any CPU
	EndGlobalSection
	GlobalSection(SolutionProperties) = preSolution
		HideSolutionNode = FALSE
	EndGlobalSection
	GlobalSection(ExtensibilityGlobals) = postSolution
		EnterpriseLibraryConfigurationToolBinariesPathV6 = packages\EnterpriseLibrary.Common.6.0.1304.0\lib\NET45;packages\EnterpriseLibrary.Data.6.0.1304.0\lib\NET45
		SolutionGuid = {13990760-9D8A-46DA-BB89-B034DD08DF38}
	EndGlobalSection
EndGlobal
